
Microsoft Visual Studio Solution File, Format Version 12.00
# Visual Studio Version 17
VisualStudioVersion = 17.0.31903.59
MinimumVisualStudioVersion = 10.0.40219.1
Project("{F2A71F9B-5D33-465A-A702-920D77279786}") = "Build", "Build\Build.fsproj", "{0E6FF3A1-61B2-4C89-BD30-1CF2274F3F30}"
EndProject
Project("{2150E333-8FDC-42A3-9474-1A3956D46DE8}") = "src", "src", "{827E0CD3-B72D-47B6-A68D-7590B98EB39B}"
EndProject
Project("{2150E333-8FDC-42A3-9474-1A3956D46DE8}") = "Client", "Client", "{C5A3B5EA-BE9F-76E5-E9B8-8A22B289B295}"
EndProject
Project("{F2A71F9B-5D33-465A-A702-920D77279786}") = "SAFE.Client.Utils", "src\Client\SAFE.Client.Utils.fsproj", "{90CD936F-A6F6-45CA-AC76-746CFF7B86F5}"
EndProject
Project("{2150E333-8FDC-42A3-9474-1A3956D46DE8}") = "test", "test", "{0C88DD14-F956-CE84-757C-A364CCF449FC}"
EndProject
Project("{2150E333-8FDC-42A3-9474-1A3956D46DE8}") = "Client", "Client", "{94BF2C6E-1A60-14A0-086F-6FECE3786F92}"
EndProject
Project("{F2A71F9B-5D33-465A-A702-920D77279786}") = "SAFE.Client.Tests", "test\Client\SAFE.Client.Tests.fsproj", "{F4D310B0-6BF1-4CBA-9081-4DAEB5C172AA}"
EndProject
Global
	GlobalSection(SolutionConfigurationPlatforms) = preSolution
		Debug|Any CPU = Debug|Any CPU
		Debug|x64 = Debug|x64
		Debug|x86 = Debug|x86
		Release|Any CPU = Release|Any CPU
		Release|x64 = Release|x64
		Release|x86 = Release|x86
	EndGlobalSection
	GlobalSection(ProjectConfigurationPlatforms) = postSolution
		{0E6FF3A1-61B2-4C89-BD30-1CF2274F3F30}.Debug|Any CPU.ActiveCfg = Debug|Any CPU
		{0E6FF3A1-61B2-4C89-BD30-1CF2274F3F30}.Debug|Any CPU.Build.0 = Debug|Any CPU
		{0E6FF3A1-61B2-4C89-BD30-1CF2274F3F30}.Debug|x64.ActiveCfg = Debug|Any CPU
		{0E6FF3A1-61B2-4C89-BD30-1CF2274F3F30}.Debug|x64.Build.0 = Debug|Any CPU
		{0E6FF3A1-61B2-4C89-BD30-1CF2274F3F30}.Debug|x86.ActiveCfg = Debug|Any CPU
		{0E6FF3A1-61B2-4C89-BD30-1CF2274F3F30}.Debug|x86.Build.0 = Debug|Any CPU
		{0E6FF3A1-61B2-4C89-BD30-1CF2274F3F30}.Release|Any CPU.ActiveCfg = Release|Any CPU
		{0E6FF3A1-61B2-4C89-BD30-1CF2274F3F30}.Release|Any CPU.Build.0 = Release|Any CPU
		{0E6FF3A1-61B2-4C89-BD30-1CF2274F3F30}.Release|x64.ActiveCfg = Release|Any CPU
		{0E6FF3A1-61B2-4C89-BD30-1CF2274F3F30}.Release|x64.Build.0 = Release|Any CPU
		{0E6FF3A1-61B2-4C89-BD30-1CF2274F3F30}.Release|x86.ActiveCfg = Release|Any CPU
		{0E6FF3A1-61B2-4C89-BD30-1CF2274F3F30}.Release|x86.Build.0 = Release|Any CPU
		{90CD936F-A6F6-45CA-AC76-746CFF7B86F5}.Debug|Any CPU.ActiveCfg = Debug|Any CPU
		{90CD936F-A6F6-45CA-AC76-746CFF7B86F5}.Debug|Any CPU.Build.0 = Debug|Any CPU
		{90CD936F-A6F6-45CA-AC76-746CFF7B86F5}.Debug|x64.ActiveCfg = Debug|Any CPU
		{90CD936F-A6F6-45CA-AC76-746CFF7B86F5}.Debug|x64.Build.0 = Debug|Any CPU
		{90CD936F-A6F6-45CA-AC76-746CFF7B86F5}.Debug|x86.ActiveCfg = Debug|Any CPU
		{90CD936F-A6F6-45CA-AC76-746CFF7B86F5}.Debug|x86.Build.0 = Debug|Any CPU
		{90CD936F-A6F6-45CA-AC76-746CFF7B86F5}.Release|Any CPU.ActiveCfg = Release|Any CPU
		{90CD936F-A6F6-45CA-AC76-746CFF7B86F5}.Release|Any CPU.Build.0 = Release|Any CPU
		{90CD936F-A6F6-45CA-AC76-746CFF7B86F5}.Release|x64.ActiveCfg = Release|Any CPU
		{90CD936F-A6F6-45CA-AC76-746CFF7B86F5}.Release|x64.Build.0 = Release|Any CPU
		{90CD936F-A6F6-45CA-AC76-746CFF7B86F5}.Release|x86.ActiveCfg = Release|Any CPU
		{90CD936F-A6F6-45CA-AC76-746CFF7B86F5}.Release|x86.Build.0 = Release|Any CPU
		{F4D310B0-6BF1-4CBA-9081-4DAEB5C172AA}.Debug|Any CPU.ActiveCfg = Debug|Any CPU
		{F4D310B0-6BF1-4CBA-9081-4DAEB5C172AA}.Debug|Any CPU.Build.0 = Debug|Any CPU
		{F4D310B0-6BF1-4CBA-9081-4DAEB5C172AA}.Debug|x64.ActiveCfg = Debug|Any CPU
		{F4D310B0-6BF1-4CBA-9081-4DAEB5C172AA}.Debug|x64.Build.0 = Debug|Any CPU
		{F4D310B0-6BF1-4CBA-9081-4DAEB5C172AA}.Debug|x86.ActiveCfg = Debug|Any CPU
		{F4D310B0-6BF1-4CBA-9081-4DAEB5C172AA}.Debug|x86.Build.0 = Debug|Any CPU
		{F4D310B0-6BF1-4CBA-9081-4DAEB5C172AA}.Release|Any CPU.ActiveCfg = Release|Any CPU
		{F4D310B0-6BF1-4CBA-9081-4DAEB5C172AA}.Release|Any CPU.Build.0 = Release|Any CPU
		{F4D310B0-6BF1-4CBA-9081-4DAEB5C172AA}.Release|x64.ActiveCfg = Release|Any CPU
		{F4D310B0-6BF1-4CBA-9081-4DAEB5C172AA}.Release|x64.Build.0 = Release|Any CPU
		{F4D310B0-6BF1-4CBA-9081-4DAEB5C172AA}.Release|x86.ActiveCfg = Release|Any CPU
		{F4D310B0-6BF1-4CBA-9081-4DAEB5C172AA}.Release|x86.Build.0 = Release|Any CPU
	EndGlobalSection
	GlobalSection(SolutionProperties) = preSolution
		HideSolutionNode = FALSE
	EndGlobalSection
	GlobalSection(NestedProjects) = preSolution
		{C5A3B5EA-BE9F-76E5-E9B8-8A22B289B295} = {827E0CD3-B72D-47B6-A68D-7590B98EB39B}
		{90CD936F-A6F6-45CA-AC76-746CFF7B86F5} = {C5A3B5EA-BE9F-76E5-E9B8-8A22B289B295}
		{94BF2C6E-1A60-14A0-086F-6FECE3786F92} = {0C88DD14-F956-CE84-757C-A364CCF449FC}
		{F4D310B0-6BF1-4CBA-9081-4DAEB5C172AA} = {94BF2C6E-1A60-14A0-086F-6FECE3786F92}
	EndGlobalSection
EndGlobal
